PODS:
  - ansible_did (0.1.0):
    - Flutter
  - Flutter (1.0.0)
  - flutter_secure_storage (6.0.0):
    - Flutter

DEPENDENCIES:
  - ansible_did (from `.symlinks/plugins/ansible_did/ios`)
  - Flutter (from `Flutter`)
  - flutter_secure_storage (from `.symlinks/plugins/flutter_secure_storage/ios`)

EXTERNAL SOURCES:
  ansible_did:
    :path: ".symlinks/plugins/ansible_did/ios"
  Flutter:
    :path: Flutter
  flutter_secure_storage:
    :path: ".symlinks/plugins/flutter_secure_storage/ios"

SPEC CHECKSUMS:
  ansible_did: 045b140f1db6dd41a34be778a5a22fade18ae9a2
  Flutter: cabc95a1d2626b1b06e7179b784ebcf0c0cde467
  flutter_secure_storage: 1ed9476fba7e7a782b22888f956cce43e2c62f13

PODFILE CHECKSUM: 78ec2e5914b8a539ba0dfa29147f69a73a35d06b

COCOAPODS: 1.17.0
